<?xml version="1.0" encoding="utf-8"?>
<Project ToolsVersion="4.0" xmlns="http://schemas.microsoft.com/developer/msbuild/2003">
  <ItemGroup>
    <Filter Include="md5">
      <UniqueIdentifier>{8b468243-9329-4e43-ae23-82e15850f11a}</UniqueIdentifier>
    </Filter>
    <Filter Include="sha1">
      <UniqueIdentifier>{ed4ab654-88ae-4b0e-baad-c998094072c3}</UniqueIdentifier>
    </Filter>
    <Filter Include="sha2">
      <UniqueIdentifier>{626cf20e-4296-40be-8bab-de6725f7e666}</UniqueIdentifier>
    </Filter>
    <Filter Include="sha2\third_party">
      <UniqueIdentifier>{2afc2afa-d6f9-4404-b736-069eddd8ed11}</UniqueIdentifier>
    </Filter>
    <Filter Include="sha2\third_party\nss">
      <UniqueIdentifier>{10803b25-fc9c-48dc-828e-2a1282d2d9a0}</UniqueIdentifier>
    </Filter>
    <Filter Include="base64">
      <UniqueIdentifier>{f0f14362-3965-42cb-ba5e-9c816003ad0a}</UniqueIdentifier>
    </Filter>
    <Filter Include="base64\third_party">
      <UniqueIdentifier>{26bbf04a-71cd-4668-a769-40498fe1d60c}</UniqueIdentifier>
    </Filter>
    <Filter Include="base64\third_party\modp_b64">
      <UniqueIdentifier>{ce4ae272-b4c6-4c04-90b6-edf4f36508bf}</UniqueIdentifier>
    </Filter>
    <Filter Include="json">
      <UniqueIdentifier>{2196e598-30a4-4def-a1fc-52ba6ea66503}</UniqueIdentifier>
    </Filter>
    <Filter Include="zlib">
      <UniqueIdentifier>{f1f6edb0-7f2c-4394-8345-68dc1d34dd10}</UniqueIdentifier>
    </Filter>
  </ItemGroup>
  <ItemGroup>
    <ClCompile Include="md5\md5.cpp">
      <Filter>md5</Filter>
    </ClCompile>
    <ClCompile Include="sha1\sha1.cpp">
      <Filter>sha1</Filter>
    </ClCompile>
    <ClCompile Include="sha2\sha2.cpp">
      <Filter>sha2</Filter>
    </ClCompile>
    <ClCompile Include="..\third_party\nss\sha512.cc">
      <Filter>sha2\third_party\nss</Filter>
    </ClCompile>
    <ClCompile Include="base64\base64.cpp">
      <Filter>base64</Filter>
    </ClCompile>
    <ClCompile Include="..\third_party\modp_b64\modp_b64.cc">
      <Filter>base64\third_party\modp_b64</Filter>
    </ClCompile>
    <ClCompile Include="json\json_reader.cpp">
      <Filter>json</Filter>
    </ClCompile>
    <ClCompile Include="json\json_writer.cpp">
      <Filter>json</Filter>
    </ClCompile>
    <ClCompile Include="json\string_escape.cpp">
      <Filter>json</Filter>
    </ClCompile>
    <ClCompile Include="zlib\adler32.c">
      <Filter>zlib</Filter>
    </ClCompile>
    <ClCompile Include="zlib\compress.c">
      <Filter>zlib</Filter>
    </ClCompile>
    <ClCompile Include="zlib\crc32.c">
      <Filter>zlib</Filter>
    </ClCompile>
    <ClCompile Include="zlib\deflate.c">
      <Filter>zlib</Filter>
    </ClCompile>
    <ClCompile Include="zlib\gzio.c">
      <Filter>zlib</Filter>
    </ClCompile>
    <ClCompile Include="zlib\infback.c">
      <Filter>zlib</Filter>
    </ClCompile>
    <ClCompile Include="zlib\inffast.c">
      <Filter>zlib</Filter>
    </ClCompile>
    <ClCompile Include="zlib\inflate.c">
      <Filter>zlib</Filter>
    </ClCompile>
    <ClCompile Include="zlib\inftrees.c">
      <Filter>zlib</Filter>
    </ClCompile>
    <ClCompile Include="zlib\trees.c">
      <Filter>zlib</Filter>
    </ClCompile>
    <ClCompile Include="zlib\uncompr.c">
      <Filter>zlib</Filter>
    </ClCompile>
    <ClCompile Include="zlib\zutil.c">
      <Filter>zlib</Filter>
    </ClCompile>
  </ItemGroup>
  <ItemGroup>
    <ClInclude Include="md5\md5.h">
      <Filter>md5</Filter>
    </ClInclude>
    <ClInclude Include="sha1\scoped_capi_types.h">
      <Filter>sha1</Filter>
    </ClInclude>
    <ClInclude Include="sha1\sha1.h">
      <Filter>sha1</Filter>
    </ClInclude>
    <ClInclude Include="sha2\sha2.h">
      <Filter>sha2</Filter>
    </ClInclude>
    <ClInclude Include="..\third_party\nss\blapi.h">
      <Filter>sha2\third_party\nss</Filter>
    </ClInclude>
    <ClInclude Include="base64\base64.h">
      <Filter>base64</Filter>
    </ClInclude>
    <ClInclude Include="..\third_party\modp_b64\modp_b64.h">
      <Filter>base64\third_party\modp_b64</Filter>
    </ClInclude>
    <ClInclude Include="json\json_reader.h">
      <Filter>json</Filter>
    </ClInclude>
    <ClInclude Include="json\json_writer.h">
      <Filter>json</Filter>
    </ClInclude>
    <ClInclude Include="json\string_escape.h">
      <Filter>json</Filter>
    </ClInclude>
    <ClInclude Include="zlib\crc32.h">
      <Filter>zlib</Filter>
    </ClInclude>
    <ClInclude Include="zlib\deflate.h">
      <Filter>zlib</Filter>
    </ClInclude>
    <ClInclude Include="zlib\inffast.h">
      <Filter>zlib</Filter>
    </ClInclude>
    <ClInclude Include="zlib\inffixed.h">
      <Filter>zlib</Filter>
    </ClInclude>
    <ClInclude Include="zlib\inflate.h">
      <Filter>zlib</Filter>
    </ClInclude>
    <ClInclude Include="zlib\inftrees.h">
      <Filter>zlib</Filter>
    </ClInclude>
    <ClInclude Include="zlib\mozzconf.h">
      <Filter>zlib</Filter>
    </ClInclude>
    <ClInclude Include="zlib\trees.h">
      <Filter>zlib</Filter>
    </ClInclude>
    <ClInclude Include="zlib\zconf.h">
      <Filter>zlib</Filter>
    </ClInclude>
    <ClInclude Include="zlib\zlib.h">
      <Filter>zlib</Filter>
    </ClInclude>
    <ClInclude Include="zlib\zutil.h">
      <Filter>zlib</Filter>
    </ClInclude>
  </ItemGroup>
</Project>